
Microsoft Visual Studio Solution File, Format Version 12.00
# Visual Studio Version 16
VisualStudioVersion = 16.0.31410.357
MinimumVisualStudioVersion = 10.0.40219.1
Project("{FAE04EC0-301F-11D3-BF4B-00C04F79EFBC}") = "HetaudaCityCollageWebApplication", "HetaudaCityCollageWebApplication\HetaudaCityCollageWebApplication.csproj", "{0F308012-5C38-4B7F-91A3-BCEDF875C701}"
EndProject
Global
	GlobalSection(SolutionConfigurationPlatforms) = preSolution
		Debug|Any CPU = Debug|Any CPU
		Release|Any CPU = Release|Any CPU
	EndGlobalSection
	GlobalSection(ProjectConfigurationPlatforms) = postSolution
		{0F308012-5C38-4B7F-91A3-BCEDF875C701}.Debug|Any CPU.ActiveCfg = Debug|Any CPU
		{0F308012-5C38-4B7F-91A3-BCEDF875C701}.Debug|Any CPU.Build.0 = Debug|Any CPU
		{0F308012-5C38-4B7F-91A3-BCEDF875C701}.Release|Any CPU.ActiveCfg = Release|Any CPU
		{0F308012-5C38-4B7F-91A3-BCEDF875C701}.Release|Any CPU.Build.0 = Release|Any CPU
	EndGlobalSection
	GlobalSection(SolutionProperties) = preSolution
		HideSolutionNode = FALSE
	EndGlobalSection
	GlobalSection(ExtensibilityGlobals) = postSolution
		SolutionGuid = {5701BB95-3C97-4CF0-836F-DEEDBC4A8CFF}
	EndGlobalSection
EndGlobal
